Microsoft Visual Studio Solution File, Format Version 12.00
# Visual Studio Version 16
VisualStudioVersion = 16.0.28315.86
MinimumVisualStudioVersion = 10.0.40219.1
Project("{2150E333-8FDC-42A3-9474-1A3956D46DE8}") = "Flax", "Flax", "{F2D513D4-D369-4498-A2DD-B5145597CCEF}"
EndProject
Project("{8BC9CEB8-8B4A-11D0-8D11-00A0C91BC942}") = "sTest", "Cache\Projects\sTest.vcxproj", "{A3821D53-FBD2-49D4-BF91-5A6917C7CC7B}"
EndProject
Project("{FAE04EC0-301F-11D3-BF4B-00C04F79EFBC}") = "Game", "Source\Game.csproj", "{2599584D-85DB-4D04-9EB5-816B16E0E05E}"
EndProject
Project("{8BC9CEB8-8B4A-11D0-8D11-00A0C91BC942}") = "Flax", "Cache\Projects\Flax.vcxproj", "{ED511F0F-925F-4666-B8E7-40B51ECD4F07}"
EndProject
Project("{FAE04EC0-301F-11D3-BF4B-00C04F79EFBC}") = "BuildScripts", "Cache\Projects\BuildScripts.csproj", "{21428630-030F-4ED2-915A-D506DB1D4AFE}"
EndProject
Global
	GlobalSection(SolutionConfigurationPlatforms) = preSolution
		Debug|Any CPU = Debug|Any CPU
		Debug|UWP_x64 = Debug|UWP_x64
		Debug|Win32 = Debug|Win32
		Debug|Win64 = Debug|Win64
		Debug|XboxOne = Debug|XboxOne
		Editor.Debug|Any CPU = Editor.Debug|Any CPU
		Editor.Debug|UWP_x64 = Editor.Debug|UWP_x64
		Editor.Debug|Win32 = Editor.Debug|Win32
		Editor.Debug|Win64 = Editor.Debug|Win64
		Editor.Debug|XboxOne = Editor.Debug|XboxOne
		Editor.Development|Any CPU = Editor.Development|Any CPU
		Editor.Development|UWP_x64 = Editor.Development|UWP_x64
		Editor.Development|Win32 = Editor.Development|Win32
		Editor.Development|Win64 = Editor.Development|Win64
		Editor.Development|XboxOne = Editor.Development|XboxOne
		Editor.Release|Any CPU = Editor.Release|Any CPU
		Editor.Release|UWP_x64 = Editor.Release|UWP_x64
		Editor.Release|Win32 = Editor.Release|Win32
		Editor.Release|Win64 = Editor.Release|Win64
		Editor.Release|XboxOne = Editor.Release|XboxOne
		Game.Debug|Any CPU = Game.Debug|Any CPU
		Game.Debug|UWP_x64 = Game.Debug|UWP_x64
		Game.Debug|Win32 = Game.Debug|Win32
		Game.Debug|Win64 = Game.Debug|Win64
		Game.Debug|XboxOne = Game.Debug|XboxOne
		Game.Development|Any CPU = Game.Development|Any CPU
		Game.Development|UWP_x64 = Game.Development|UWP_x64
		Game.Development|Win32 = Game.Development|Win32
		Game.Development|Win64 = Game.Development|Win64
		Game.Development|XboxOne = Game.Development|XboxOne
		Game.Release|Any CPU = Game.Release|Any CPU
		Game.Release|UWP_x64 = Game.Release|UWP_x64
		Game.Release|Win32 = Game.Release|Win32
		Game.Release|Win64 = Game.Release|Win64
		Game.Release|XboxOne = Game.Release|XboxOne
	EndGlobalSection
	GlobalSection(ProjectConfigurationPlatforms) = postSolution
		{A3821D53-FBD2-49D4-BF91-5A6917C7CC7B}.Debug|Any CPU.ActiveCfg = Editor.Windows.Debug|x64
		{A3821D53-FBD2-49D4-BF91-5A6917C7CC7B}.Debug|UWP_x64.ActiveCfg = Game.UWP.Debug|x64
		{A3821D53-FBD2-49D4-BF91-5A6917C7CC7B}.Debug|Win32.ActiveCfg = Editor.Windows.Debug|Win32
		{A3821D53-FBD2-49D4-BF91-5A6917C7CC7B}.Debug|Win64.ActiveCfg = Editor.Windows.Debug|x64
		{A3821D53-FBD2-49D4-BF91-5A6917C7CC7B}.Debug|XboxOne.ActiveCfg = Game.XboxOne.Debug|x64
		{A3821D53-FBD2-49D4-BF91-5A6917C7CC7B}.Editor.Debug|Any CPU.ActiveCfg = Editor.Windows.Debug|x64
		{A3821D53-FBD2-49D4-BF91-5A6917C7CC7B}.Editor.Debug|UWP_x64.ActiveCfg = Game.UWP.Debug|x64
		{A3821D53-FBD2-49D4-BF91-5A6917C7CC7B}.Editor.Debug|Win32.ActiveCfg = Editor.Windows.Debug|Win32
		{A3821D53-FBD2-49D4-BF91-5A6917C7CC7B}.Editor.Debug|Win32.Build.0 = Editor.Windows.Debug|Win32
		{A3821D53-FBD2-49D4-BF91-5A6917C7CC7B}.Editor.Debug|Win64.ActiveCfg = Editor.Windows.Debug|x64
		{A3821D53-FBD2-49D4-BF91-5A6917C7CC7B}.Editor.Debug|Win64.Build.0 = Editor.Windows.Debug|x64
		{A3821D53-FBD2-49D4-BF91-5A6917C7CC7B}.Editor.Debug|XboxOne.ActiveCfg = Game.XboxOne.Debug|x64
		{A3821D53-FBD2-49D4-BF91-5A6917C7CC7B}.Editor.Development|Any CPU.ActiveCfg = Editor.Windows.Debug|x64
		{A3821D53-FBD2-49D4-BF91-5A6917C7CC7B}.Editor.Development|UWP_x64.ActiveCfg = Game.UWP.Debug|x64
		{A3821D53-FBD2-49D4-BF91-5A6917C7CC7B}.Editor.Development|Win32.ActiveCfg = Editor.Windows.Development|Win32
		{A3821D53-FBD2-49D4-BF91-5A6917C7CC7B}.Editor.Development|Win32.Build.0 = Editor.Windows.Development|Win32
		{A3821D53-FBD2-49D4-BF91-5A6917C7CC7B}.Editor.Development|Win64.ActiveCfg = Editor.Windows.Development|x64
		{A3821D53-FBD2-49D4-BF91-5A6917C7CC7B}.Editor.Development|Win64.Build.0 = Editor.Windows.Development|x64
		{A3821D53-FBD2-49D4-BF91-5A6917C7CC7B}.Editor.Development|XboxOne.ActiveCfg = Game.XboxOne.Debug|x64
		{A3821D53-FBD2-49D4-BF91-5A6917C7CC7B}.Editor.Release|Any CPU.ActiveCfg = Editor.Windows.Debug|x64
		{A3821D53-FBD2-49D4-BF91-5A6917C7CC7B}.Editor.Release|UWP_x64.ActiveCfg = Game.UWP.Debug|x64
		{A3821D53-FBD2-49D4-BF91-5A6917C7CC7B}.Editor.Release|Win32.ActiveCfg = Editor.Windows.Release|Win32
		{A3821D53-FBD2-49D4-BF91-5A6917C7CC7B}.Editor.Release|Win32.Build.0 = Editor.Windows.Release|Win32
		{A3821D53-FBD2-49D4-BF91-5A6917C7CC7B}.Editor.Release|Win64.ActiveCfg = Editor.Windows.Release|x64
		{A3821D53-FBD2-49D4-BF91-5A6917C7CC7B}.Editor.Release|Win64.Build.0 = Editor.Windows.Release|x64
		{A3821D53-FBD2-49D4-BF91-5A6917C7CC7B}.Editor.Release|XboxOne.ActiveCfg = Game.XboxOne.Debug|x64
		{A3821D53-FBD2-49D4-BF91-5A6917C7CC7B}.Game.Debug|Any CPU.ActiveCfg = Editor.Windows.Debug|x64
		{A3821D53-FBD2-49D4-BF91-5A6917C7CC7B}.Game.Debug|UWP_x64.ActiveCfg = Game.UWP.Debug|x64
		{A3821D53-FBD2-49D4-BF91-5A6917C7CC7B}.Game.Debug|UWP_x64.Build.0 = Game.UWP.Debug|x64
		{A3821D53-FBD2-49D4-BF91-5A6917C7CC7B}.Game.Debug|Win32.ActiveCfg = Game.Windows.Debug|Win32
		{A3821D53-FBD2-49D4-BF91-5A6917C7CC7B}.Game.Debug|Win32.Build.0 = Game.Windows.Debug|Win32
		{A3821D53-FBD2-49D4-BF91-5A6917C7CC7B}.Game.Debug|Win64.ActiveCfg = Game.Windows.Debug|x64
		{A3821D53-FBD2-49D4-BF91-5A6917C7CC7B}.Game.Debug|Win64.Build.0 = Game.Windows.Debug|x64
		{A3821D53-FBD2-49D4-BF91-5A6917C7CC7B}.Game.Debug|XboxOne.ActiveCfg = Game.XboxOne.Debug|x64
		{A3821D53-FBD2-49D4-BF91-5A6917C7CC7B}.Game.Debug|XboxOne.Build.0 = Game.XboxOne.Debug|x64
		{A3821D53-FBD2-49D4-BF91-5A6917C7CC7B}.Game.Development|Any CPU.ActiveCfg = Editor.Windows.Debug|x64
		{A3821D53-FBD2-49D4-BF91-5A6917C7CC7B}.Game.Development|UWP_x64.ActiveCfg = Game.UWP.Development|x64
		{A3821D53-FBD2-49D4-BF91-5A6917C7CC7B}.Game.Development|UWP_x64.Build.0 = Game.UWP.Development|x64
		{A3821D53-FBD2-49D4-BF91-5A6917C7CC7B}.Game.Development|Win32.ActiveCfg = Game.Windows.Development|Win32
		{A3821D53-FBD2-49D4-BF91-5A6917C7CC7B}.Game.Development|Win32.Build.0 = Game.Windows.Development|Win32
		{A3821D53-FBD2-49D4-BF91-5A6917C7CC7B}.Game.Development|Win64.ActiveCfg = Game.Windows.Development|x64
		{A3821D53-FBD2-49D4-BF91-5A6917C7CC7B}.Game.Development|Win64.Build.0 = Game.Windows.Development|x64
		{A3821D53-FBD2-49D4-BF91-5A6917C7CC7B}.Game.Development|XboxOne.ActiveCfg = Game.XboxOne.Development|x64
		{A3821D53-FBD2-49D4-BF91-5A6917C7CC7B}.Game.Development|XboxOne.Build.0 = Game.XboxOne.Development|x64
		{A3821D53-FBD2-49D4-BF91-5A6917C7CC7B}.Game.Release|Any CPU.ActiveCfg = Editor.Windows.Debug|x64
		{A3821D53-FBD2-49D4-BF91-5A6917C7CC7B}.Game.Release|UWP_x64.ActiveCfg = Game.UWP.Release|x64
		{A3821D53-FBD2-49D4-BF91-5A6917C7CC7B}.Game.Release|UWP_x64.Build.0 = Game.UWP.Release|x64
		{A3821D53-FBD2-49D4-BF91-5A6917C7CC7B}.Game.Release|Win32.ActiveCfg = Game.Windows.Release|Win32
		{A3821D53-FBD2-49D4-BF91-5A6917C7CC7B}.Game.Release|Win32.Build.0 = Game.Windows.Release|Win32
		{A3821D53-FBD2-49D4-BF91-5A6917C7CC7B}.Game.Release|Win64.ActiveCfg = Game.Windows.Release|x64
		{A3821D53-FBD2-49D4-BF91-5A6917C7CC7B}.Game.Release|Win64.Build.0 = Game.Windows.Release|x64
		{A3821D53-FBD2-49D4-BF91-5A6917C7CC7B}.Game.Release|XboxOne.ActiveCfg = Game.XboxOne.Release|x64
		{A3821D53-FBD2-49D4-BF91-5A6917C7CC7B}.Game.Release|XboxOne.Build.0 = Game.XboxOne.Release|x64
		{2599584D-85DB-4D04-9EB5-816B16E0E05E}.Debug|Any CPU.ActiveCfg = Editor.Windows.Debug|x64
		{2599584D-85DB-4D04-9EB5-816B16E0E05E}.Debug|UWP_x64.ActiveCfg = Game.UWP.Debug|x64
		{2599584D-85DB-4D04-9EB5-816B16E0E05E}.Debug|Win32.ActiveCfg = Editor.Windows.Debug|Win32
		{2599584D-85DB-4D04-9EB5-816B16E0E05E}.Debug|Win64.ActiveCfg = Editor.Windows.Debug|x64
		{2599584D-85DB-4D04-9EB5-816B16E0E05E}.Debug|XboxOne.ActiveCfg = Game.XboxOne.Debug|x64
		{2599584D-85DB-4D04-9EB5-816B16E0E05E}.Editor.Debug|Any CPU.ActiveCfg = Editor.Windows.Debug|x64
		{2599584D-85DB-4D04-9EB5-816B16E0E05E}.Editor.Debug|UWP_x64.ActiveCfg = Game.UWP.Debug|x64
		{2599584D-85DB-4D04-9EB5-816B16E0E05E}.Editor.Debug|Win32.ActiveCfg = Editor.Windows.Debug|Win32
		{2599584D-85DB-4D04-9EB5-816B16E0E05E}.Editor.Debug|Win64.ActiveCfg = Editor.Windows.Debug|x64
		{2599584D-85DB-4D04-9EB5-816B16E0E05E}.Editor.Debug|XboxOne.ActiveCfg = Game.XboxOne.Debug|x64
		{2599584D-85DB-4D04-9EB5-816B16E0E05E}.Editor.Development|Any CPU.ActiveCfg = Editor.Windows.Debug|x64
		{2599584D-85DB-4D04-9EB5-816B16E0E05E}.Editor.Development|UWP_x64.ActiveCfg = Game.UWP.Debug|x64
		{2599584D-85DB-4D04-9EB5-816B16E0E05E}.Editor.Development|Win32.ActiveCfg = Editor.Windows.Development|Win32
		{2599584D-85DB-4D04-9EB5-816B16E0E05E}.Editor.Development|Win64.ActiveCfg = Editor.Windows.Development|x64
		{2599584D-85DB-4D04-9EB5-816B16E0E05E}.Editor.Development|XboxOne.ActiveCfg = Game.XboxOne.Debug|x64
		{2599584D-85DB-4D04-9EB5-816B16E0E05E}.Editor.Release|Any CPU.ActiveCfg = Editor.Windows.Debug|x64
		{2599584D-85DB-4D04-9EB5-816B16E0E05E}.Editor.Release|UWP_x64.ActiveCfg = Game.UWP.Debug|x64
		{2599584D-85DB-4D04-9EB5-816B16E0E05E}.Editor.Release|Win32.ActiveCfg = Editor.Windows.Release|Win32
		{2599584D-85DB-4D04-9EB5-816B16E0E05E}.Editor.Release|Win64.ActiveCfg = Editor.Windows.Release|x64
		{2599584D-85DB-4D04-9EB5-816B16E0E05E}.Editor.Release|XboxOne.ActiveCfg = Game.XboxOne.Debug|x64
		{2599584D-85DB-4D04-9EB5-816B16E0E05E}.Game.Debug|Any CPU.ActiveCfg = Editor.Windows.Debug|x64
		{2599584D-85DB-4D04-9EB5-816B16E0E05E}.Game.Debug|UWP_x64.ActiveCfg = Game.UWP.Debug|x64
		{2599584D-85DB-4D04-9EB5-816B16E0E05E}.Game.Debug|Win32.ActiveCfg = Game.Windows.Debug|Win32
		{2599584D-85DB-4D04-9EB5-816B16E0E05E}.Game.Debug|Win64.ActiveCfg = Game.Windows.Debug|x64
		{2599584D-85DB-4D04-9EB5-816B16E0E05E}.Game.Debug|XboxOne.ActiveCfg = Game.XboxOne.Debug|x64
		{2599584D-85DB-4D04-9EB5-816B16E0E05E}.Game.Development|Any CPU.ActiveCfg = Editor.Windows.Debug|x64
		{2599584D-85DB-4D04-9EB5-816B16E0E05E}.Game.Development|UWP_x64.ActiveCfg = Game.UWP.Development|x64
		{2599584D-85DB-4D04-9EB5-816B16E0E05E}.Game.Development|Win32.ActiveCfg = Game.Windows.Development|Win32
		{2599584D-85DB-4D04-9EB5-816B16E0E05E}.Game.Development|Win64.ActiveCfg = Game.Windows.Development|x64
		{2599584D-85DB-4D04-9EB5-816B16E0E05E}.Game.Development|XboxOne.ActiveCfg = Game.XboxOne.Development|x64
		{2599584D-85DB-4D04-9EB5-816B16E0E05E}.Game.Release|Any CPU.ActiveCfg = Editor.Windows.Debug|x64
		{2599584D-85DB-4D04-9EB5-816B16E0E05E}.Game.Release|UWP_x64.ActiveCfg = Game.UWP.Release|x64
		{2599584D-85DB-4D04-9EB5-816B16E0E05E}.Game.Release|Win32.ActiveCfg = Game.Windows.Release|Win32
		{2599584D-85DB-4D04-9EB5-816B16E0E05E}.Game.Release|Win64.ActiveCfg = Game.Windows.Release|x64
		{2599584D-85DB-4D04-9EB5-816B16E0E05E}.Game.Release|XboxOne.ActiveCfg = Game.XboxOne.Release|x64
		{ED511F0F-925F-4666-B8E7-40B51ECD4F07}.Debug|Any CPU.ActiveCfg = Editor.Windows.Debug|x64
		{ED511F0F-925F-4666-B8E7-40B51ECD4F07}.Debug|UWP_x64.ActiveCfg = Game.UWP.Debug|x64
		{ED511F0F-925F-4666-B8E7-40B51ECD4F07}.Debug|Win32.ActiveCfg = Game.Windows.Debug|Win32
		{ED511F0F-925F-4666-B8E7-40B51ECD4F07}.Debug|Win64.ActiveCfg = Editor.Windows.Debug|x64
		{ED511F0F-925F-4666-B8E7-40B51ECD4F07}.Debug|XboxOne.ActiveCfg = Game.XboxOne.Debug|x64
		{ED511F0F-925F-4666-B8E7-40B51ECD4F07}.Editor.Debug|Any CPU.ActiveCfg = Editor.Windows.Debug|x64
		{ED511F0F-925F-4666-B8E7-40B51ECD4F07}.Editor.Debug|UWP_x64.ActiveCfg = Game.UWP.Debug|x64
		{ED511F0F-925F-4666-B8E7-40B51ECD4F07}.Editor.Debug|Win32.ActiveCfg = Game.Windows.Debug|Win32
		{ED511F0F-925F-4666-B8E7-40B51ECD4F07}.Editor.Debug|Win64.ActiveCfg = Editor.Windows.Debug|x64
		{ED511F0F-925F-4666-B8E7-40B51ECD4F07}.Editor.Debug|XboxOne.ActiveCfg = Game.XboxOne.Debug|x64
		{ED511F0F-925F-4666-B8E7-40B51ECD4F07}.Editor.Development|Any CPU.ActiveCfg = Editor.Windows.Debug|x64
		{ED511F0F-925F-4666-B8E7-40B51ECD4F07}.Editor.Development|UWP_x64.ActiveCfg = Game.UWP.Debug|x64
		{ED511F0F-925F-4666-B8E7-40B51ECD4F07}.Editor.Development|Win32.ActiveCfg = Game.Windows.Debug|Win32
		{ED511F0F-925F-4666-B8E7-40B51ECD4F07}.Editor.Development|Win64.ActiveCfg = Editor.Windows.Development|x64
		{ED511F0F-925F-4666-B8E7-40B51ECD4F07}.Editor.Development|XboxOne.ActiveCfg = Game.XboxOne.Debug|x64
		{ED511F0F-925F-4666-B8E7-40B51ECD4F07}.Editor.Release|Any CPU.ActiveCfg = Editor.Windows.Debug|x64
		{ED511F0F-925F-4666-B8E7-40B51ECD4F07}.Editor.Release|UWP_x64.ActiveCfg = Game.UWP.Debug|x64
		{ED511F0F-925F-4666-B8E7-40B51ECD4F07}.Editor.Release|Win32.ActiveCfg = Game.Windows.Debug|Win32
		{ED511F0F-925F-4666-B8E7-40B51ECD4F07}.Editor.Release|Win64.ActiveCfg = Editor.Windows.Release|x64
		{ED511F0F-925F-4666-B8E7-40B51ECD4F07}.Editor.Release|XboxOne.ActiveCfg = Game.XboxOne.Debug|x64
		{ED511F0F-925F-4666-B8E7-40B51ECD4F07}.Game.Debug|Any CPU.ActiveCfg = Editor.Windows.Debug|x64
		{ED511F0F-925F-4666-B8E7-40B51ECD4F07}.Game.Debug|UWP_x64.ActiveCfg = Game.UWP.Debug|x64
		{ED511F0F-925F-4666-B8E7-40B51ECD4F07}.Game.Debug|Win32.ActiveCfg = Game.Windows.Debug|Win32
		{ED511F0F-925F-4666-B8E7-40B51ECD4F07}.Game.Debug|Win64.ActiveCfg = Game.Windows.Debug|x64
		{ED511F0F-925F-4666-B8E7-40B51ECD4F07}.Game.Debug|XboxOne.ActiveCfg = Game.XboxOne.Debug|x64
		{ED511F0F-925F-4666-B8E7-40B51ECD4F07}.Game.Development|Any CPU.ActiveCfg = Editor.Windows.Debug|x64
		{ED511F0F-925F-4666-B8E7-40B51ECD4F07}.Game.Development|UWP_x64.ActiveCfg = Game.UWP.Development|x64
		{ED511F0F-925F-4666-B8E7-40B51ECD4F07}.Game.Development|Win32.ActiveCfg = Game.Windows.Development|Win32
		{ED511F0F-925F-4666-B8E7-40B51ECD4F07}.Game.Development|Win64.ActiveCfg = Game.Windows.Development|x64
		{ED511F0F-925F-4666-B8E7-40B51ECD4F07}.Game.Development|XboxOne.ActiveCfg = Game.XboxOne.Development|x64
		{ED511F0F-925F-4666-B8E7-40B51ECD4F07}.Game.Release|Any CPU.ActiveCfg = Editor.Windows.Debug|x64
		{ED511F0F-925F-4666-B8E7-40B51ECD4F07}.Game.Release|UWP_x64.ActiveCfg = Game.UWP.Release|x64
		{ED511F0F-925F-4666-B8E7-40B51ECD4F07}.Game.Release|Win32.ActiveCfg = Game.Windows.Release|Win32
		{ED511F0F-925F-4666-B8E7-40B51ECD4F07}.Game.Release|Win64.ActiveCfg = Game.Windows.Release|x64
		{ED511F0F-925F-4666-B8E7-40B51ECD4F07}.Game.Release|XboxOne.ActiveCfg = Game.XboxOne.Release|x64
		{21428630-030F-4ED2-915A-D506DB1D4AFE}.Debug|Any CPU.ActiveCfg = Debug|Any CPU
		{21428630-030F-4ED2-915A-D506DB1D4AFE}.Debug|UWP_x64.ActiveCfg = Debug|Any CPU
		{21428630-030F-4ED2-915A-D506DB1D4AFE}.Debug|Win32.ActiveCfg = Debug|Any CPU
		{21428630-030F-4ED2-915A-D506DB1D4AFE}.Debug|Win64.ActiveCfg = Debug|Any CPU
		{21428630-030F-4ED2-915A-D506DB1D4AFE}.Debug|XboxOne.ActiveCfg = Debug|Any CPU
		{21428630-030F-4ED2-915A-D506DB1D4AFE}.Editor.Debug|Any CPU.ActiveCfg = Debug|Any CPU
		{21428630-030F-4ED2-915A-D506DB1D4AFE}.Editor.Debug|UWP_x64.ActiveCfg = Debug|Any CPU
		{21428630-030F-4ED2-915A-D506DB1D4AFE}.Editor.Debug|Win32.ActiveCfg = Debug|Any CPU
		{21428630-030F-4ED2-915A-D506DB1D4AFE}.Editor.Debug|Win64.ActiveCfg = Debug|Any CPU
		{21428630-030F-4ED2-915A-D506DB1D4AFE}.Editor.Debug|XboxOne.ActiveCfg = Debug|Any CPU
		{21428630-030F-4ED2-915A-D506DB1D4AFE}.Editor.Development|Any CPU.ActiveCfg = Debug|Any CPU
		{21428630-030F-4ED2-915A-D506DB1D4AFE}.Editor.Development|UWP_x64.ActiveCfg = Debug|Any CPU
		{21428630-030F-4ED2-915A-D506DB1D4AFE}.Editor.Development|Win32.ActiveCfg = Debug|Any CPU
		{21428630-030F-4ED2-915A-D506DB1D4AFE}.Editor.Development|Win64.ActiveCfg = Debug|Any CPU
		{21428630-030F-4ED2-915A-D506DB1D4AFE}.Editor.Development|XboxOne.ActiveCfg = Debug|Any CPU
		{21428630-030F-4ED2-915A-D506DB1D4AFE}.Editor.Release|Any CPU.ActiveCfg = Debug|Any CPU
		{21428630-030F-4ED2-915A-D506DB1D4AFE}.Editor.Release|UWP_x64.ActiveCfg = Debug|Any CPU
		{21428630-030F-4ED2-915A-D506DB1D4AFE}.Editor.Release|Win32.ActiveCfg = Debug|Any CPU
		{21428630-030F-4ED2-915A-D506DB1D4AFE}.Editor.Release|Win64.ActiveCfg = Debug|Any CPU
		{21428630-030F-4ED2-915A-D506DB1D4AFE}.Editor.Release|XboxOne.ActiveCfg = Debug|Any CPU
		{21428630-030F-4ED2-915A-D506DB1D4AFE}.Game.Debug|Any CPU.ActiveCfg = Debug|Any CPU
		{21428630-030F-4ED2-915A-D506DB1D4AFE}.Game.Debug|UWP_x64.ActiveCfg = Debug|Any CPU
		{21428630-030F-4ED2-915A-D506DB1D4AFE}.Game.Debug|Win32.ActiveCfg = Debug|Any CPU
		{21428630-030F-4ED2-915A-D506DB1D4AFE}.Game.Debug|Win64.ActiveCfg = Debug|Any CPU
		{21428630-030F-4ED2-915A-D506DB1D4AFE}.Game.Debug|XboxOne.ActiveCfg = Debug|Any CPU
		{21428630-030F-4ED2-915A-D506DB1D4AFE}.Game.Development|Any CPU.ActiveCfg = Debug|Any CPU
		{21428630-030F-4ED2-915A-D506DB1D4AFE}.Game.Development|UWP_x64.ActiveCfg = Debug|Any CPU
		{21428630-030F-4ED2-915A-D506DB1D4AFE}.Game.Development|Win32.ActiveCfg = Debug|Any CPU
		{21428630-030F-4ED2-915A-D506DB1D4AFE}.Game.Development|Win64.ActiveCfg = Debug|Any CPU
		{21428630-030F-4ED2-915A-D506DB1D4AFE}.Game.Development|XboxOne.ActiveCfg = Debug|Any CPU
		{21428630-030F-4ED2-915A-D506DB1D4AFE}.Game.Release|Any CPU.ActiveCfg = Debug|Any CPU
		{21428630-030F-4ED2-915A-D506DB1D4AFE}.Game.Release|UWP_x64.ActiveCfg = Debug|Any CPU
		{21428630-030F-4ED2-915A-D506DB1D4AFE}.Game.Release|Win32.ActiveCfg = Debug|Any CPU
		{21428630-030F-4ED2-915A-D506DB1D4AFE}.Game.Release|Win64.ActiveCfg = Debug|Any CPU
		{21428630-030F-4ED2-915A-D506DB1D4AFE}.Game.Release|XboxOne.ActiveCfg = Debug|Any CPU
	EndGlobalSection
	GlobalSection(SolutionProperties) = preSolution
		HideSolutionNode = FALSE
	EndGlobalSection
	GlobalSection(NestedProjects) = preSolution
		{ED511F0F-925F-4666-B8E7-40B51ECD4F07} = {F2D513D4-D369-4498-A2DD-B5145597CCEF}
	EndGlobalSection
	GlobalSection(ExtensibilityGlobals) = postSolution
		SolutionGuid = {F0DD726E-77B7-4B34-A919-9E766CDB0024}
	EndGlobalSection
EndGlobal
